
Microsoft Visual Studio Solution File, Format Version 12.00
# Visual Studio 14
VisualStudioVersion = 14.0.24720.0
MinimumVisualStudioVersion = 10.0.40219.1
Project("{FAE04EC0-301F-11D3-BF4B-00C04F79EFBC}") = "negar", "importExcelTest\negar.csproj", "{7BD269AA-A016-487D-8095-19E127AFF8EA}"
EndProject
Project("{54435603-DBB4-11D2-8724-00A0C9A8B90C}") = "Setup Negar", "Setup Negar\Setup Negar.vdproj", "{DEF2E59A-CE11-49FB-8777-2D530935372C}"
EndProject
Global
	GlobalSection(SolutionConfigurationPlatforms) = preSolution
		Debug|Any CPU = Debug|Any CPU
		Debug|x86 = Debug|x86
		Negar|Any CPU = Negar|Any CPU
		Negar|x86 = Negar|x86
		Release|Any CPU = Release|Any CPU
		Release|x86 = Release|x86
	EndGlobalSection
	GlobalSection(ProjectConfigurationPlatforms) = postSolution
		{7BD269AA-A016-487D-8095-19E127AFF8EA}.Debug|Any CPU.ActiveCfg = Release|x86
		{7BD269AA-A016-487D-8095-19E127AFF8EA}.Debug|Any CPU.Build.0 = Release|x86
		{7BD269AA-A016-487D-8095-19E127AFF8EA}.Debug|x86.ActiveCfg = Release|x86
		{7BD269AA-A016-487D-8095-19E127AFF8EA}.Debug|x86.Build.0 = Release|x86
		{7BD269AA-A016-487D-8095-19E127AFF8EA}.Negar|Any CPU.ActiveCfg = Negar|Any CPU
		{7BD269AA-A016-487D-8095-19E127AFF8EA}.Negar|Any CPU.Build.0 = Negar|Any CPU
		{7BD269AA-A016-487D-8095-19E127AFF8EA}.Negar|x86.ActiveCfg = Negar|x86
		{7BD269AA-A016-487D-8095-19E127AFF8EA}.Negar|x86.Build.0 = Negar|x86
		{7BD269AA-A016-487D-8095-19E127AFF8EA}.Release|Any CPU.ActiveCfg = Release|x86
		{7BD269AA-A016-487D-8095-19E127AFF8EA}.Release|Any CPU.Build.0 = Release|x86
		{7BD269AA-A016-487D-8095-19E127AFF8EA}.Release|x86.ActiveCfg = Release|x86
		{7BD269AA-A016-487D-8095-19E127AFF8EA}.Release|x86.Build.0 = Release|x86
		{DEF2E59A-CE11-49FB-8777-2D530935372C}.Debug|Any CPU.ActiveCfg = Release
		{DEF2E59A-CE11-49FB-8777-2D530935372C}.Debug|Any CPU.Build.0 = Release
		{DEF2E59A-CE11-49FB-8777-2D530935372C}.Debug|Any CPU.Deploy.0 = Release
		{DEF2E59A-CE11-49FB-8777-2D530935372C}.Debug|x86.ActiveCfg = Debug
		{DEF2E59A-CE11-49FB-8777-2D530935372C}.Negar|Any CPU.ActiveCfg = Release
		{DEF2E59A-CE11-49FB-8777-2D530935372C}.Negar|x86.ActiveCfg = Release
		{DEF2E59A-CE11-49FB-8777-2D530935372C}.Release|Any CPU.ActiveCfg = Release
		{DEF2E59A-CE11-49FB-8777-2D530935372C}.Release|x86.ActiveCfg = Release
		{DEF2E59A-CE11-49FB-8777-2D530935372C}.Release|x86.Build.0 = Release
	EndGlobalSection
	GlobalSection(SolutionProperties) = preSolution
		HideSolutionNode = FALSE
	EndGlobalSection
EndGlobal
